
Microsoft Visual Studio Solution File, Format Version 12.00
# Visual Studio 15
VisualStudioVersion = 15.0.28307.329
MinimumVisualStudioVersion = 10.0.40219.1
Project("{FAE04EC0-301F-11D3-BF4B-00C04F79EFBC}") = "Test", "Test\Test.csproj", "{ABA47BC2-B84D-408A-A21E-DE5F5CCB5DA4}"
EndProject
Project("{FAE04EC0-301F-11D3-BF4B-00C04F79EFBC}") = "TestProject", "TestProject\TestProject.csproj", "{352F54E9-A1D4-4C10-82CE-34FABD0BB3E3}"
EndProject
Global
	GlobalSection(SolutionConfigurationPlatforms) = preSolution
		Debug|Any CPU = Debug|Any CPU
		Release|Any CPU = Release|Any CPU
	EndGlobalSection
	GlobalSection(ProjectConfigurationPlatforms) = postSolution
		{ABA47BC2-B84D-408A-A21E-DE5F5CCB5DA4}.Debug|Any CPU.ActiveCfg = Debug|Any CPU
		{ABA47BC2-B84D-408A-A21E-DE5F5CCB5DA4}.Debug|Any CPU.Build.0 = Debug|Any CPU
		{ABA47BC2-B84D-408A-A21E-DE5F5CCB5DA4}.Release|Any CPU.ActiveCfg = Release|Any CPU
		{ABA47BC2-B84D-408A-A21E-DE5F5CCB5DA4}.Release|Any CPU.Build.0 = Release|Any CPU
		{352F54E9-A1D4-4C10-82CE-34FABD0BB3E3}.Debug|Any CPU.ActiveCfg = Debug|Any CPU
		{352F54E9-A1D4-4C10-82CE-34FABD0BB3E3}.Debug|Any CPU.Build.0 = Debug|Any CPU
		{352F54E9-A1D4-4C10-82CE-34FABD0BB3E3}.Release|Any CPU.ActiveCfg = Release|Any CPU
		{352F54E9-A1D4-4C10-82CE-34FABD0BB3E3}.Release|Any CPU.Build.0 = Release|Any CPU
	EndGlobalSection
	GlobalSection(SolutionProperties) = preSolution
		HideSolutionNode = FALSE
	EndGlobalSection
	GlobalSection(ExtensibilityGlobals) = postSolution
		SolutionGuid = {5C8065C9-E76A-4877-BAD2-871A7D3F6A42}
	EndGlobalSection
EndGlobal
